github.com/gophercloud/gophercloud v0.2.0 h1:lD2Bce2xBAMNNcFZ0dObTpXkGLlVIb33RPVUNVpw6ic=
github.com/gophercloud/gophercloud v0.2.0/go.mod h1:vxM41WHh5uqHVBMZHzuwNOHh8XEoIEcSTewFxm1c5g8=
github.com/hyokyungk/poc-cb-spider v0.0.0-20190703031437-21833ba17b07 h1:/ZLXb6BBQ68CE0X13OSwX0Li7KkrT2ZCC4l8kPQMLJU=
github.com/hyokyungk/poc-cb-spider v0.0.0-20190703031437-21833ba17b07/go.mod h1:ahdY/P1ReYKA8J2G5xdQ2zIk5bof0erPOE0niDMIulU=
golang.org/x/crypto v0.0.0-20190211182817-74369b46fc67/go.mod h1:6SG95UA2DQfeDnfUPMdvaQW0Q7yPrPDi9nlGo2tz2b4=
golang.org/x/sys v0.0.0-20190209173611-3b5209105503/go.mod h1:STP8DvDyc/dI5b8T5hshtkjS+E42TnysNCUPdjciGhY=
gopkg.in/check.v1 v0.0.0-20161208181325-20d25e280405/go.mod h1:Co6ibVJAznAaIkqp8huTwlJQCZ016jof/cbN4VW5Yz0=
gopkg.in/yaml.v2 v2.2.2/go.mod h1:hI93XBmqTisBFMUTm0b8Fm+jr3Dg1NNxqwp+5A1VGuI=
